
Microsoft Visual Studio Solution File, Format Version 12.00
# Visual Studio Version 16
VisualStudioVersion = 16.0.31729.503
MinimumVisualStudioVersion = 10.0.40219.1
Project("{9A19103F-16F7-4668-BE54-9A1E7A4F7556}") = "SignLanguage", "SignLanguage\SignLanguage.csproj", "{2F0709DE-5FB1-44C5-B3F2-D4E6546A6404}"
EndProject
Project("{9A19103F-16F7-4668-BE54-9A1E7A4F7556}") = "DL", "DL\DL.csproj", "{D37E470C-F42D-4907-BBDB-DF93F30E8C57}"
EndProject
Project("{9A19103F-16F7-4668-BE54-9A1E7A4F7556}") = "BL", "BL\BL.csproj", "{AF795487-76A9-4615-A7F9-56E840E746CB}"
EndProject
Project("{9A19103F-16F7-4668-BE54-9A1E7A4F7556}") = "Entities", "Entities\Entities.csproj", "{2FA953F9-3260-4FE5-8767-E3A29062F8F3}"
EndProject
Project("{FAE04EC0-301F-11D3-BF4B-00C04F79EFBC}") = "DTO", "DTO\DTO.csproj", "{935DFC74-2DCE-40DD-947D-38B07AED94AC}"
EndProject
Global
	GlobalSection(SolutionConfigurationPlatforms) = preSolution
		Debug|Any CPU = Debug|Any CPU
		Release|Any CPU = Release|Any CPU
	EndGlobalSection
	GlobalSection(ProjectConfigurationPlatforms) = postSolution
		{2F0709DE-5FB1-44C5-B3F2-D4E6546A6404}.Debug|Any CPU.ActiveCfg = Debug|Any CPU
		{2F0709DE-5FB1-44C5-B3F2-D4E6546A6404}.Debug|Any CPU.Build.0 = Debug|Any CPU
		{2F0709DE-5FB1-44C5-B3F2-D4E6546A6404}.Release|Any CPU.ActiveCfg = Release|Any CPU
		{2F0709DE-5FB1-44C5-B3F2-D4E6546A6404}.Release|Any CPU.Build.0 = Release|Any CPU
		{D37E470C-F42D-4907-BBDB-DF93F30E8C57}.Debug|Any CPU.ActiveCfg = Debug|Any CPU
		{D37E470C-F42D-4907-BBDB-DF93F30E8C57}.Debug|Any CPU.Build.0 = Debug|Any CPU
		{D37E470C-F42D-4907-BBDB-DF93F30E8C57}.Release|Any CPU.ActiveCfg = Release|Any CPU
		{D37E470C-F42D-4907-BBDB-DF93F30E8C57}.Release|Any CPU.Build.0 = Release|Any CPU
		{AF795487-76A9-4615-A7F9-56E840E746CB}.Debug|Any CPU.ActiveCfg = Debug|Any CPU
		{AF795487-76A9-4615-A7F9-56E840E746CB}.Debug|Any CPU.Build.0 = Debug|Any CPU
		{AF795487-76A9-4615-A7F9-56E840E746CB}.Release|Any CPU.ActiveCfg = Release|Any CPU
		{AF795487-76A9-4615-A7F9-56E840E746CB}.Release|Any CPU.Build.0 = Release|Any CPU
		{2FA953F9-3260-4FE5-8767-E3A29062F8F3}.Debug|Any CPU.ActiveCfg = Debug|Any CPU
		{2FA953F9-3260-4FE5-8767-E3A29062F8F3}.Debug|Any CPU.Build.0 = Debug|Any CPU
		{2FA953F9-3260-4FE5-8767-E3A29062F8F3}.Release|Any CPU.ActiveCfg = Release|Any CPU
		{2FA953F9-3260-4FE5-8767-E3A29062F8F3}.Release|Any CPU.Build.0 = Release|Any CPU
		{935DFC74-2DCE-40DD-947D-38B07AED94AC}.Debug|Any CPU.ActiveCfg = Debug|Any CPU
		{935DFC74-2DCE-40DD-947D-38B07AED94AC}.Debug|Any CPU.Build.0 = Debug|Any CPU
		{935DFC74-2DCE-40DD-947D-38B07AED94AC}.Release|Any CPU.ActiveCfg = Release|Any CPU
		{935DFC74-2DCE-40DD-947D-38B07AED94AC}.Release|Any CPU.Build.0 = Release|Any CPU
	EndGlobalSection
	GlobalSection(SolutionProperties) = preSolution
		HideSolutionNode = FALSE
	EndGlobalSection
	GlobalSection(ExtensibilityGlobals) = postSolution
		SolutionGuid = {394A45FC-1D1B-439C-853F-9207058CFDDC}
	EndGlobalSection
EndGlobal
